// !$*UTF8*$!
{
	archiveVersion = 1;
	classes = {
	};
	objectVersion = 46;
	objects = {

/* Begin PBXBuildFile section */
		847076221F4EE36100974772 /* Assets.xcassets in Resources */ = {isa = PBXBuildFile; fileRef = 847076191F4EE36100974772 /* Assets.xcassets */; };
		847076231F4EE36100974772 /* LaunchScreen.storyboard in Resources */ = {isa = PBXBuildFile; fileRef = 8470761A1F4EE36100974772 /* LaunchScreen.storyboard */; };
		847076251F4EE36100974772 /* Info.plist in Resources */ = {isa = PBXBuildFile; fileRef = 8470761E1F4EE36100974772 /* Info.plist */; };
		847076261F4EE36100974772 /* main.m in Sources */ = {isa = PBXBuildFile; fileRef = 8470761F1F4EE36100974772 /* main.m */; };
		847076341F4EE66F00974772 /* AppDelegate.m in Sources */ = {isa = PBXBuildFile; fileRef = 847076291F4EE66F00974772 /* AppDelegate.m */; };
		847076351F4EE66F00974772 /* ViewController.m in Sources */ = {isa = PBXBuildFile; fileRef = 8470762D1F4EE66F00974772 /* ViewController.m */; };
		847076371F4EE6A800974772 /* Base.storyboard in Resources */ = {isa = PBXBuildFile; fileRef = 847076361F4EE6A800974772 /* Base.storyboard */; };
/* End PBXBuildFile section */

/* Begin PBXFileReference section */
		847075F91F4EE20400974772 /* Stock.app */ = {isa = PBXFileReference; explicitFileType = wrapper.application; includeInIndex = 0; path = Stock.app; sourceTree = BUILT_PRODUCTS_DIR; };
		847076191F4EE36100974772 /* Assets.xcassets */ = {isa = PBXFileReference; lastKnownFileType = folder.assetcatalog; path = Assets.xcassets; sourceTree = "<group>"; };
		8470761B1F4EE36100974772 /* Base */ = {isa = PBXFileReference; lastKnownFileType = file.storyboard; name = Base; path = Base.lproj/LaunchScreen.storyboard; sourceTree = "<group>"; };
		8470761E1F4EE36100974772 /* Info.plist */ = {isa = PBXFileReference; fileEncoding = 4; lastKnownFileType = text.plist.xml; path = Info.plist; sourceTree = "<group>"; };
		8470761F1F4EE36100974772 /* main.m */ = {isa = PBXFileReference; fileEncoding = 4; lastKnownFileType = sourcecode.c.objc; path = main.m; sourceTree = "<group>"; };
		847076281F4EE66F00974772 /* AppDelegate.h */ = {isa = PBXFileReference; fileEncoding = 4; lastKnownFileType = sourcecode.c.h; path = AppDelegate.h; sourceTree = "<group>"; };
		847076291F4EE66F00974772 /* AppDelegate.m */ = {isa = PBXFileReference; fileEncoding = 4; lastKnownFileType = sourcecode.c.objc; path = AppDelegate.m; sourceTree = "<group>"; };
		8470762C1F4EE66F00974772 /* ViewController.h */ = {isa = PBXFileReference; fileEncoding = 4; lastKnownFileType = sourcecode.c.h; path = ViewController.h; sourceTree = "<group>"; };
		8470762D1F4EE66F00974772 /* ViewController.m */ = {isa = PBXFileReference; fileEncoding = 4; lastKnownFileType = sourcecode.c.objc; path = ViewController.m; sourceTree = "<group>"; };
		847076361F4EE6A800974772 /* Base.storyboard */ = {isa = PBXFileReference; fileEncoding = 4; lastKnownFileType = file.storyboard; path = Base.storyboard; sourceTree = "<group>"; };
/* End PBXFileReference section */

/* Begin PBXFrameworksBuildPhase section */
		847075F61F4EE20400974772 /* Frameworks */ = {
			isa = PBXFrameworksBuildPhase;
			buildActionMask = 2147483647;
			files = (
			);
			runOnlyForDeploymentPostprocessing = 0;
		};
/* End PBXFrameworksBuildPhase section */

/* Begin PBXGroup section */
		847075F01F4EE20400974772 = {
			isa = PBXGroup;
			children = (
				847075FB1F4EE20400974772 /* Stock */,
				847075FA1F4EE20400974772 /* Products */,
			);
			sourceTree = "<group>";
		};
		847075FA1F4EE20400974772 /* Products */ = {
			isa = PBXGroup;
			children = (
				847075F91F4EE20400974772 /* Stock.app */,
			);
			name = Products;
			sourceTree = "<group>";
		};
		847075FB1F4EE20400974772 /* Stock */ = {
			isa = PBXGroup;
			children = (
				847076131F4EE36100974772 /* Class */,
				847076181F4EE36100974772 /* Supporting Files */,
			);
			path = Stock;
			sourceTree = "<group>";
		};
		847076131F4EE36100974772 /* Class */ = {
			isa = PBXGroup;
			children = (
				847076271F4EE66F00974772 /* AppDelegate */,
				8470762A1F4EE66F00974772 /* Controller */,
				8470762F1F4EE66F00974772 /* Entity */,
				847076301F4EE66F00974772 /* Public */,
				847076311F4EE66F00974772 /* Request */,
				847076321F4EE66F00974772 /* Utils */,
				847076331F4EE66F00974772 /* View */,
			);
			path = Class;
			sourceTree = "<group>";
		};
		847076181F4EE36100974772 /* Supporting Files */ = {
			isa = PBXGroup;
			children = (
				847076191F4EE36100974772 /* Assets.xcassets */,
				8470761A1F4EE36100974772 /* LaunchScreen.storyboard */,
				8470761E1F4EE36100974772 /* Info.plist */,
				8470761F1F4EE36100974772 /* main.m */,
			);
			path = "Supporting Files";
			sourceTree = "<group>";
		};
		847076271F4EE66F00974772 /* AppDelegate */ = {
			isa = PBXGroup;
			children = (
				847076281F4EE66F00974772 /* AppDelegate.h */,
				847076291F4EE66F00974772 /* AppDelegate.m */,
			);
			path = AppDelegate;
			sourceTree = "<group>";
		};
		8470762A1F4EE66F00974772 /* Controller */ = {
			isa = PBXGroup;
			children = (
				8470762B1F4EE66F00974772 /* Base */,
				8470762E1F4EE66F00974772 /* Login */,
			);
			path = Controller;
			sourceTree = "<group>";
		};
		8470762B1F4EE66F00974772 /* Base */ = {
			isa = PBXGroup;
			children = (
				847076361F4EE6A800974772 /* Base.storyboard */,
				8470762C1F4EE66F00974772 /* ViewController.h */,
				8470762D1F4EE66F00974772 /* ViewController.m */,
			);
			path = Base;
			sourceTree = "<group>";
		};
		8470762E1F4EE66F00974772 /* Login */ = {
			isa = PBXGroup;
			children = (
			);
			path = Login;
			sourceTree = "<group>";
		};
		8470762F1F4EE66F00974772 /* Entity */ = {
			isa = PBXGroup;
			children = (
			);
			path = Entity;
			sourceTree = "<group>";
		};
		847076301F4EE66F00974772 /* Public */ = {
			isa = PBXGroup;
			children = (
			);
			path = Public;
			sourceTree = "<group>";
		};
		847076311F4EE66F00974772 /* Request */ = {
			isa = PBXGroup;
			children = (
			);
			path = Request;
			sourceTree = "<group>";
		};
		847076321F4EE66F00974772 /* Utils */ = {
			isa = PBXGroup;
			children = (
			);
			path = Utils;
			sourceTree = "<group>";
		};
		847076331F4EE66F00974772 /* View */ = {
			isa = PBXGroup;
			children = (
			);
			path = View;
			sourceTree = "<group>";
		};
/* End PBXGroup section */

/* Begin PBXNativeTarget section */
		847075F81F4EE20400974772 /* Stock */ = {
			isa = PBXNativeTarget;
			buildConfigurationList = 847076101F4EE20400974772 /* Build configuration list for PBXNativeTarget "Stock" */;
			buildPhases = (
				847075F51F4EE20400974772 /* Sources */,
				847075F61F4EE20400974772 /* Frameworks */,
				847075F71F4EE20400974772 /* Resources */,
			);
			buildRules = (
			);
			dependencies = (
			);
			name = Stock;
			productName = Stock;
			productReference = 847075F91F4EE20400974772 /* Stock.app */;
			productType = "com.apple.product-type.application";
		};
/* End PBXNativeTarget section */

/* Begin PBXProject section */
		847075F11F4EE20400974772 /* Project object */ = {
			isa = PBXProject;
			attributes = {
				LastUpgradeCheck = 0830;
				ORGANIZATIONNAME = stock;
				TargetAttributes = {
					847075F81F4EE20400974772 = {
						CreatedOnToolsVersion = 8.3.3;
						ProvisioningStyle = Automatic;
					};
				};
			};
			buildConfigurationList = 847075F41F4EE20400974772 /* Build configuration list for PBXProject "Stock" */;
			compatibilityVersion = "Xcode 3.2";
			developmentRegion = English;
			hasScannedForEncodings = 0;
			knownRegions = (
				en,
				Base,
			);
			mainGroup = 847075F01F4EE20400974772;
			productRefGroup = 847075FA1F4EE20400974772 /* Products */;
			projectDirPath = "";
			projectRoot = "";
			targets = (
				847075F81F4EE20400974772 /* Stock */,
			);
		};
/* End PBXProject section */

/* Begin PBXResourcesBuildPhase section */
		847075F71F4EE20400974772 /* Resources */ = {
			isa = PBXResourcesBuildPhase;
			buildActionMask = 2147483647;
			files = (
				847076251F4EE36100974772 /* Info.plist in Resources */,
				847076371F4EE6A800974772 /* Base.storyboard in Resources */,
				847076221F4EE36100974772 /* Assets.xcassets in Resources */,
				847076231F4EE36100974772 /* LaunchScreen.storyboard in Resources */,
			);
			runOnlyForDeploymentPostprocessing = 0;
		};
/* End PBXResourcesBuildPhase section */

/* Begin PBXSourcesBuildPhase section */
		847075F51F4EE20400974772 /* Sources */ = {
			isa = PBXSourcesBuildPhase;
			buildActionMask = 2147483647;
			files = (
				847076351F4EE66F00974772 /* ViewController.m in Sources */,
				847076341F4EE66F00974772 /* AppDelegate.m in Sources */,
				847076261F4EE36100974772 /* main.m in Sources */,
			);
			runOnlyForDeploymentPostprocessing = 0;
		};
/* End PBXSourcesBuildPhase section */

/* Begin PBXVariantGroup section */
		8470761A1F4EE36100974772 /* LaunchScreen.storyboard */ = {
			isa = PBXVariantGroup;
			children = (
				8470761B1F4EE36100974772 /* Base */,
			);
			name = LaunchScreen.storyboard;
			sourceTree = "<group>";
		};
/* End PBXVariantGroup section */

/* Begin XCBuildConfiguration section */
		8470760E1F4EE20400974772 /* Debug */ = {
			isa = XCBuildConfiguration;
			buildSettings = {
				ALWAYS_SEARCH_USER_PATHS = NO;
				CLANG_ANALYZER_NONNULL = YES;
				CLANG_ANALYZER_NUMBER_OBJECT_CONVERSION = YES_AGGRESSIVE;
				CLANG_CXX_LANGUAGE_STANDARD = "gnu++0x";
				CLANG_CXX_LIBRARY = "libc++";
				CLANG_ENABLE_MODULES = YES;
				CLANG_ENABLE_OBJC_ARC = YES;
				CLANG_WARN_BOOL_CONVERSION = YES;
				CLANG_WARN_CONSTANT_CONVERSION = YES;
				CLANG_WARN_DIRECT_OBJC_ISA_USAGE = YES_ERROR;
				CLANG_WARN_DOCUMENTATION_COMMENTS = YES;
				CLANG_WARN_EMPTY_BODY = YES;
				CLANG_WARN_ENUM_CONVERSION = YES;
				CLANG_WARN_INFINITE_RECURSION = YES;
				CLANG_WARN_INT_CONVERSION = YES;
				CLANG_WARN_OBJC_ROOT_CLASS = YES_ERROR;
				CLANG_WARN_SUSPICIOUS_MOVE = YES;
				CLANG_WARN_UNREACHABLE_CODE = YES;
				CLANG_WARN__DUPLICATE_METHOD_MATCH = YES;
				"CODE_SIGN_IDENTITY[sdk=iphoneos*]" = "iPhone Developer";
				COPY_PHASE_STRIP = NO;
				DEBUG_INFORMATION_FORMAT = dwarf;
				ENABLE_STRICT_OBJC_MSGSEND = YES;
				ENABLE_TESTABILITY = YES;
				GCC_C_LANGUAGE_STANDARD = gnu99;
				GCC_DYNAMIC_NO_PIC = NO;
				GCC_NO_COMMON_BLOCKS = YES;
				GCC_OPTIMIZATION_LEVEL = 0;
				GCC_PREPROCESSOR_DEFINITIONS = (
					"DEBUG=1",
					"$(inherited)",
				);
				GCC_WARN_64_TO_32_BIT_CONVERSION = YES;
				GCC_WARN_ABOUT_RETURN_TYPE = YES_ERROR;
				GCC_WARN_UNDECLARED_SELECTOR = YES;
				GCC_WARN_UNINITIALIZED_AUTOS = YES_AGGRESSIVE;
				GCC_WARN_UNUSED_FUNCTION = YES;
				GCC_WARN_UNUSED_VARIABLE = YES;
				IPHONEOS_DEPLOYMENT_TARGET = 10.3;
				MTL_ENABLE_DEBUG_INFO = YES;
				ONLY_ACTIVE_ARCH = YES;
				SDKROOT = iphoneos;
				TARGETED_DEVICE_FAMILY = "1,2";
			};
			name = Debug;
		};
		8470760F1F4EE20400974772 /* Release */ = {
			isa = XCBuildConfiguration;
			buildSettings = {
				ALWAYS_SEARCH_USER_PATHS = NO;
				CLANG_ANALYZER_NONNULL = YES;
				CLANG_ANALYZER_NUMBER_OBJECT_CONVERSION = YES_AGGRESSIVE;
				CLANG_CXX_LANGUAGE_STANDARD = "gnu++0x";
				CLANG_CXX_LIBRARY = "libc++";
				CLANG_ENABLE_MODULES = YES;
				CLANG_ENABLE_OBJC_ARC = YES;
				CLANG_WARN_BOOL_CONVERSION = YES;
				CLANG_WARN_CONSTANT_CONVERSION = YES;
				CLANG_WARN_DIRECT_OBJC_ISA_USAGE = YES_ERROR;
				CLANG_WARN_DOCUMENTATION_COMMENTS = YES;
				CLANG_WARN_EMPTY_BODY = YES;
				CLANG_WARN_ENUM_CONVERSION = YES;
				CLANG_WARN_INFINITE_RECURSION = YES;
				CLANG_WARN_INT_CONVERSION = YES;
				CLANG_WARN_OBJC_ROOT_CLASS = YES_ERROR;
				CLANG_WARN_SUSPICIOUS_MOVE = YES;
				CLANG_WARN_UNREACHABLE_CODE = YES;
				CLANG_WARN__DUPLICATE_METHOD_MATCH = YES;
				"CODE_SIGN_IDENTITY[sdk=iphoneos*]" = "iPhone Developer";
				COPY_PHASE_STRIP = NO;
				DEBUG_INFORMATION_FORMAT = "dwarf-with-dsym";
				ENABLE_NS_ASSERTIONS = NO;
				ENABLE_STRICT_OBJC_MSGSEND = YES;
				GCC_C_LANGUAGE_STANDARD = gnu99;
				GCC_NO_COMMON_BLOCKS = YES;
				GCC_WARN_64_TO_32_BIT_CONVERSION = YES;
				GCC_WARN_ABOUT_RETURN_TYPE = YES_ERROR;
				GCC_WARN_UNDECLARED_SELECTOR = YES;
				GCC_WARN_UNINITIALIZED_AUTOS = YES_AGGRESSIVE;
				GCC_WARN_UNUSED_FUNCTION = YES;
				GCC_WARN_UNUSED_VARIABLE = YES;
				IPHONEOS_DEPLOYMENT_TARGET = 10.3;
				MTL_ENABLE_DEBUG_INFO = NO;
				SDKROOT = iphoneos;
				TARGETED_DEVICE_FAMILY = "1,2";
				VALIDATE_PRODUCT = YES;
			};
			name = Release;
		};
		847076111F4EE20400974772 /* Debug */ = {
			isa = XCBuildConfiguration;
			buildSettings = {
				ASSETCATALOG_COMPILER_APPICON_NAME = AppIcon;
				"CODE_SIGN_IDENTITY[sdk=iphoneos*]" = "iPhone Developer";
				DEVELOPMENT_TEAM = "";
				INFOPLIST_FILE = "Stock/Supporting Files/Info.plist";
				IPHONEOS_DEPLOYMENT_TARGET = 10.0;
				LD_RUNPATH_SEARCH_PATHS = "$(inherited) @executable_path/Frameworks";
				PRODUCT_BUNDLE_IDENTIFIER = com.stock.Stock;
				PRODUCT_NAME = "$(TARGET_NAME)";
				PROVISIONING_PROFILE_SPECIFIER = "";
			};
			name = Debug;
		};
		847076121F4EE20400974772 /* Release */ = {
			isa = XCBuildConfiguration;
			buildSettings = {
				ASSETCATALOG_COMPILER_APPICON_NAME = AppIcon;
				"CODE_SIGN_IDENTITY[sdk=iphoneos*]" = "iPhone Developer";
				DEVELOPMENT_TEAM = "";
				INFOPLIST_FILE = "Stock/Supporting Files/Info.plist";
				IPHONEOS_DEPLOYMENT_TARGET = 10.0;
				LD_RUNPATH_SEARCH_PATHS = "$(inherited) @executable_path/Frameworks";
				PRODUCT_BUNDLE_IDENTIFIER = com.stock.Stock;
				PRODUCT_NAME = "$(TARGET_NAME)";
				PROVISIONING_PROFILE_SPECIFIER = "";
			};
			name = Release;
		};
/* End XCBuildConfiguration section */

/* Begin XCConfigurationList section */
		847075F41F4EE20400974772 /* Build configuration list for PBXProject "Stock" */ = {
			isa = XCConfigurationList;
			buildConfigurations = (
				8470760E1F4EE20400974772 /* Debug */,
				8470760F1F4EE20400974772 /* Release */,
			);
			defaultConfigurationIsVisible = 0;
			defaultConfigurationName = Release;
		};
		847076101F4EE20400974772 /* Build configuration list for PBXNativeTarget "Stock" */ = {
			isa = XCConfigurationList;
			buildConfigurations = (
				847076111F4EE20400974772 /* Debug */,
				847076121F4EE20400974772 /* Release */,
			);
			defaultConfigurationIsVisible = 0;
		};
/* End XCConfigurationList section */
	};
	rootObject = 847075F11F4EE20400974772 /* Project object */;
}
